
Microsoft Visual Studio Solution File, Format Version 12.00
#
Project("{FAE04EC0-301F-11D3-BF4B-00C04F79EFBC}") = "Findom.Server", "Findom.Server\Findom.Server.csproj", "{5D2E3E62-5DC9-40FE-A2D7-D554F28DBA0C}"
EndProject
Global
	GlobalSection(SolutionConfigurationPlatforms) = preSolution
		Debug|Any CPU = Debug|Any CPU
		Release|Any CPU = Release|Any CPU
	EndGlobalSection
	GlobalSection(ProjectConfigurationPlatforms) = postSolution
		{5D2E3E62-5DC9-40FE-A2D7-D554F28DBA0C}.Debug|Any CPU.ActiveCfg = Debug|Any CPU
		{5D2E3E62-5DC9-40FE-A2D7-D554F28DBA0C}.Debug|Any CPU.Build.0 = Debug|Any CPU
		{5D2E3E62-5DC9-40FE-A2D7-D554F28DBA0C}.Release|Any CPU.ActiveCfg = Release|Any CPU
		{5D2E3E62-5DC9-40FE-A2D7-D554F28DBA0C}.Release|Any CPU.Build.0 = Release|Any CPU
	EndGlobalSection
	GlobalSection(NestedProjects) = preSolution
	EndGlobalSection
EndGlobal
